
Microsoft Visual Studio Solution File, Format Version 12.00
# Visual Studio Version 16
VisualStudioVersion = 16.0.29418.71
MinimumVisualStudioVersion = 10.0.40219.1
Project("{8BC9CEB8-8B4A-11D0-8D11-00A0C91BC942}") = "IOBenchmark", "IOBenchmark\IOBenchmark.vcxproj", "{74C12492-443A-4894-AAA7-B035C0ABBE14}"
	ProjectSection(ProjectDependencies) = postProject
		{08A9E345-DD8A-4271-BCFF-321C15BF496D} = {08A9E345-DD8A-4271-BCFF-321C15BF496D}
	EndProjectSection
EndProject
Project("{8BC9CEB8-8B4A-11D0-8D11-00A0C91BC942}") = "urb", "urb\urb.vcxproj", "{08A9E345-DD8A-4271-BCFF-321C15BF496D}"
EndProject
Project("{8BC9CEB8-8B4A-11D0-8D11-00A0C91BC942}") = "urb-unittests", "urb-unittests\urb-unittests.vcxproj", "{359C817E-B8EF-4E4F-9ACF-C5CB5B38A142}"
EndProject
Global
	GlobalSection(SolutionConfigurationPlatforms) = preSolution
		Debug|x64 = Debug|x64
		Debug|x86 = Debug|x86
		Release|x64 = Release|x64
		Release|x86 = Release|x86
	EndGlobalSection
	GlobalSection(ProjectConfigurationPlatforms) = postSolution
		{74C12492-443A-4894-AAA7-B035C0ABBE14}.Debug|x64.ActiveCfg = Debug|x64
		{74C12492-443A-4894-AAA7-B035C0ABBE14}.Debug|x64.Build.0 = Debug|x64
		{74C12492-443A-4894-AAA7-B035C0ABBE14}.Debug|x86.ActiveCfg = Debug|Win32
		{74C12492-443A-4894-AAA7-B035C0ABBE14}.Debug|x86.Build.0 = Debug|Win32
		{74C12492-443A-4894-AAA7-B035C0ABBE14}.Release|x64.ActiveCfg = Release|x64
		{74C12492-443A-4894-AAA7-B035C0ABBE14}.Release|x64.Build.0 = Release|x64
		{74C12492-443A-4894-AAA7-B035C0ABBE14}.Release|x86.ActiveCfg = Release|Win32
		{74C12492-443A-4894-AAA7-B035C0ABBE14}.Release|x86.Build.0 = Release|Win32
		{08A9E345-DD8A-4271-BCFF-321C15BF496D}.Debug|x64.ActiveCfg = Debug|x64
		{08A9E345-DD8A-4271-BCFF-321C15BF496D}.Debug|x64.Build.0 = Debug|x64
		{08A9E345-DD8A-4271-BCFF-321C15BF496D}.Debug|x86.ActiveCfg = Debug|Win32
		{08A9E345-DD8A-4271-BCFF-321C15BF496D}.Debug|x86.Build.0 = Debug|Win32
		{08A9E345-DD8A-4271-BCFF-321C15BF496D}.Release|x64.ActiveCfg = Release|x64
		{08A9E345-DD8A-4271-BCFF-321C15BF496D}.Release|x64.Build.0 = Release|x64
		{08A9E345-DD8A-4271-BCFF-321C15BF496D}.Release|x86.ActiveCfg = Release|Win32
		{08A9E345-DD8A-4271-BCFF-321C15BF496D}.Release|x86.Build.0 = Release|Win32
		{359C817E-B8EF-4E4F-9ACF-C5CB5B38A142}.Debug|x64.ActiveCfg = Debug|x64
		{359C817E-B8EF-4E4F-9ACF-C5CB5B38A142}.Debug|x64.Build.0 = Debug|x64
		{359C817E-B8EF-4E4F-9ACF-C5CB5B38A142}.Debug|x86.ActiveCfg = Debug|Win32
		{359C817E-B8EF-4E4F-9ACF-C5CB5B38A142}.Debug|x86.Build.0 = Debug|Win32
		{359C817E-B8EF-4E4F-9ACF-C5CB5B38A142}.Release|x64.ActiveCfg = Release|x64
		{359C817E-B8EF-4E4F-9ACF-C5CB5B38A142}.Release|x64.Build.0 = Release|x64
		{359C817E-B8EF-4E4F-9ACF-C5CB5B38A142}.Release|x86.ActiveCfg = Release|Win32
		{359C817E-B8EF-4E4F-9ACF-C5CB5B38A142}.Release|x86.Build.0 = Release|Win32
	EndGlobalSection
	GlobalSection(SolutionProperties) = preSolution
		HideSolutionNode = FALSE
	EndGlobalSection
	GlobalSection(ExtensibilityGlobals) = postSolution
		SolutionGuid = {4C950A3F-89EF-4E08-808C-5CDA6CC94939}
	EndGlobalSection
EndGlobal
